
Microsoft Visual Studio Solution File, Format Version 12.00
# Visual Studio Version 17
VisualStudioVersion = 17.5.33424.131
MinimumVisualStudioVersion = 10.0.40219.1
Project("{FAE04EC0-301F-11D3-BF4B-00C04F79EFBC}") = "SupplierAPI", "SupplierAPI\SupplierAPI.csproj", "{A35663A8-5B6D-4C03-884F-6E4663CAB8EB}"
EndProject
Global
	GlobalSection(SolutionConfigurationPlatforms) = preSolution
		Debug|Any CPU = Debug|Any CPU
		Release|Any CPU = Release|Any CPU
	EndGlobalSection
	GlobalSection(ProjectConfigurationPlatforms) = postSolution
		{A35663A8-5B6D-4C03-884F-6E4663CAB8EB}.Debug|Any CPU.ActiveCfg = Debug|Any CPU
		{A35663A8-5B6D-4C03-884F-6E4663CAB8EB}.Debug|Any CPU.Build.0 = Debug|Any CPU
		{A35663A8-5B6D-4C03-884F-6E4663CAB8EB}.Release|Any CPU.ActiveCfg = Release|Any CPU
		{A35663A8-5B6D-4C03-884F-6E4663CAB8EB}.Release|Any CPU.Build.0 = Release|Any CPU
	EndGlobalSection
	GlobalSection(SolutionProperties) = preSolution
		HideSolutionNode = FALSE
	EndGlobalSection
	GlobalSection(ExtensibilityGlobals) = postSolution
		SolutionGuid = {E44C588A-651F-4BDE-B8AF-3A0A9C9A91FC}
	EndGlobalSection
EndGlobal
